
Microsoft Visual Studio Solution File, Format Version 12.00
# Visual Studio 15
VisualStudioVersion = 15.0.25807.0
MinimumVisualStudioVersion = 10.0.40219.1
Project("{2150E333-8FDC-42A3-9474-1A3956D46DE8}") = "Engine", "Engine", "{2E4E81F2-ECF9-46B9-A6F2-A06D47D2246C}"
EndProject
Project("{2150E333-8FDC-42A3-9474-1A3956D46DE8}") = "Enterprise", "Enterprise", "{89FB15D0-3D16-465B-AEEE-AF177C8214ED}"
EndProject
Project("{2150E333-8FDC-42A3-9474-1A3956D46DE8}") = "Games", "Games", "{DB204593-0784-4E7A-A516-09D40F4DB134}"
EndProject
Project("{8BC9CEB8-8B4A-11D0-8D11-00A0C91BC942}") = "UE4", "Intermediate\ProjectFiles\UE4.vcxproj", "{08ED724F-6505-4D21-B33C-096848B5DAEA}"
EndProject
Project("{8BC9CEB8-8B4A-11D0-8D11-00A0C91BC942}") = "Studio", "Intermediate\ProjectFiles\Studio.vcxproj", "{568011E9-C8AB-47B5-8BEA-F4613AABD305}"
EndProject
Project("{8BC9CEB8-8B4A-11D0-8D11-00A0C91BC942}") = "ViveTracking_V01", "Intermediate\ProjectFiles\ViveTracking_V01.vcxproj", "{AF747EA3-0385-48C3-BA48-56C81BD3DF57}"
EndProject
Project("{2150E333-8FDC-42A3-9474-1A3956D46DE8}") = "Visualizers", "Visualizers", "{BD1BFEE1-B956-4820-8936-BB3E582A8DBB}"
	ProjectSection(SolutionItems) = preProject
		..\..\..\..\..\Program Files\Epic Games\UE_4.21\Engine\Extras\VisualStudioDebugging\UE4.natvis = ..\..\..\..\..\Program Files\Epic Games\UE_4.21\Engine\Extras\VisualStudioDebugging\UE4.natvis
	EndProjectSection
EndProject
Global
	GlobalSection(SolutionConfigurationPlatforms) = preSolution
		DebugGame Editor|HTML5 = DebugGame Editor|HTML5
		DebugGame Editor|Win32 = DebugGame Editor|Win32
		DebugGame Editor|Win64 = DebugGame Editor|Win64
		DebugGame|HTML5 = DebugGame|HTML5
		DebugGame|Win32 = DebugGame|Win32
		DebugGame|Win64 = DebugGame|Win64
		Development Editor|HTML5 = Development Editor|HTML5
		Development Editor|Win32 = Development Editor|Win32
		Development Editor|Win64 = Development Editor|Win64
		Development|HTML5 = Development|HTML5
		Development|Win32 = Development|Win32
		Development|Win64 = Development|Win64
		Shipping|HTML5 = Shipping|HTML5
		Shipping|Win32 = Shipping|Win32
		Shipping|Win64 = Shipping|Win64
	EndGlobalSection
	GlobalSection(ProjectConfigurationPlatforms) = postSolution
		{08ED724F-6505-4D21-B33C-096848B5DAEA}.DebugGame Editor|HTML5.ActiveCfg = BuiltWithUnrealBuildTool|Win32
		{08ED724F-6505-4D21-B33C-096848B5DAEA}.DebugGame Editor|Win32.ActiveCfg = BuiltWithUnrealBuildTool|Win32
		{08ED724F-6505-4D21-B33C-096848B5DAEA}.DebugGame Editor|Win64.ActiveCfg = BuiltWithUnrealBuildTool|Win32
		{08ED724F-6505-4D21-B33C-096848B5DAEA}.DebugGame|HTML5.ActiveCfg = BuiltWithUnrealBuildTool|Win32
		{08ED724F-6505-4D21-B33C-096848B5DAEA}.DebugGame|Win32.ActiveCfg = BuiltWithUnrealBuildTool|Win32
		{08ED724F-6505-4D21-B33C-096848B5DAEA}.DebugGame|Win64.ActiveCfg = BuiltWithUnrealBuildTool|Win32
		{08ED724F-6505-4D21-B33C-096848B5DAEA}.Development Editor|HTML5.ActiveCfg = BuiltWithUnrealBuildTool|Win32
		{08ED724F-6505-4D21-B33C-096848B5DAEA}.Development Editor|Win32.ActiveCfg = BuiltWithUnrealBuildTool|Win32
		{08ED724F-6505-4D21-B33C-096848B5DAEA}.Development Editor|Win64.ActiveCfg = BuiltWithUnrealBuildTool|Win32
		{08ED724F-6505-4D21-B33C-096848B5DAEA}.Development|HTML5.ActiveCfg = BuiltWithUnrealBuildTool|Win32
		{08ED724F-6505-4D21-B33C-096848B5DAEA}.Development|Win32.ActiveCfg = BuiltWithUnrealBuildTool|Win32
		{08ED724F-6505-4D21-B33C-096848B5DAEA}.Development|Win64.ActiveCfg = BuiltWithUnrealBuildTool|Win32
		{08ED724F-6505-4D21-B33C-096848B5DAEA}.Shipping|HTML5.ActiveCfg = BuiltWithUnrealBuildTool|Win32
		{08ED724F-6505-4D21-B33C-096848B5DAEA}.Shipping|Win32.ActiveCfg = BuiltWithUnrealBuildTool|Win32
		{08ED724F-6505-4D21-B33C-096848B5DAEA}.Shipping|Win64.ActiveCfg = BuiltWithUnrealBuildTool|Win32
		{568011E9-C8AB-47B5-8BEA-F4613AABD305}.DebugGame Editor|HTML5.ActiveCfg = BuiltWithUnrealBuildTool|Win32
		{568011E9-C8AB-47B5-8BEA-F4613AABD305}.DebugGame Editor|Win32.ActiveCfg = BuiltWithUnrealBuildTool|Win32
		{568011E9-C8AB-47B5-8BEA-F4613AABD305}.DebugGame Editor|Win64.ActiveCfg = BuiltWithUnrealBuildTool|Win32
		{568011E9-C8AB-47B5-8BEA-F4613AABD305}.DebugGame|HTML5.ActiveCfg = BuiltWithUnrealBuildTool|Win32
		{568011E9-C8AB-47B5-8BEA-F4613AABD305}.DebugGame|Win32.ActiveCfg = BuiltWithUnrealBuildTool|Win32
		{568011E9-C8AB-47B5-8BEA-F4613AABD305}.DebugGame|Win64.ActiveCfg = BuiltWithUnrealBuildTool|Win32
		{568011E9-C8AB-47B5-8BEA-F4613AABD305}.Development Editor|HTML5.ActiveCfg = BuiltWithUnrealBuildTool|Win32
		{568011E9-C8AB-47B5-8BEA-F4613AABD305}.Development Editor|Win32.ActiveCfg = BuiltWithUnrealBuildTool|Win32
		{568011E9-C8AB-47B5-8BEA-F4613AABD305}.Development Editor|Win64.ActiveCfg = BuiltWithUnrealBuildTool|Win32
		{568011E9-C8AB-47B5-8BEA-F4613AABD305}.Development|HTML5.ActiveCfg = BuiltWithUnrealBuildTool|Win32
		{568011E9-C8AB-47B5-8BEA-F4613AABD305}.Development|Win32.ActiveCfg = BuiltWithUnrealBuildTool|Win32
		{568011E9-C8AB-47B5-8BEA-F4613AABD305}.Development|Win64.ActiveCfg = BuiltWithUnrealBuildTool|Win32
		{568011E9-C8AB-47B5-8BEA-F4613AABD305}.Shipping|HTML5.ActiveCfg = BuiltWithUnrealBuildTool|Win32
		{568011E9-C8AB-47B5-8BEA-F4613AABD305}.Shipping|Win32.ActiveCfg = BuiltWithUnrealBuildTool|Win32
		{568011E9-C8AB-47B5-8BEA-F4613AABD305}.Shipping|Win64.ActiveCfg = BuiltWithUnrealBuildTool|Win32
		{AF747EA3-0385-48C3-BA48-56C81BD3DF57}.DebugGame Editor|HTML5.ActiveCfg = Invalid|Win32
		{AF747EA3-0385-48C3-BA48-56C81BD3DF57}.DebugGame Editor|Win32.ActiveCfg = Invalid|Win32
		{AF747EA3-0385-48C3-BA48-56C81BD3DF57}.DebugGame Editor|Win64.ActiveCfg = DebugGame_Editor|x64
		{AF747EA3-0385-48C3-BA48-56C81BD3DF57}.DebugGame Editor|Win64.Build.0 = DebugGame_Editor|x64
		{AF747EA3-0385-48C3-BA48-56C81BD3DF57}.DebugGame|HTML5.ActiveCfg = HTML5_DebugGame|Win32
		{AF747EA3-0385-48C3-BA48-56C81BD3DF57}.DebugGame|HTML5.Build.0 = HTML5_DebugGame|Win32
		{AF747EA3-0385-48C3-BA48-56C81BD3DF57}.DebugGame|Win32.ActiveCfg = DebugGame|Win32
		{AF747EA3-0385-48C3-BA48-56C81BD3DF57}.DebugGame|Win32.Build.0 = DebugGame|Win32
		{AF747EA3-0385-48C3-BA48-56C81BD3DF57}.DebugGame|Win64.ActiveCfg = DebugGame|x64
		{AF747EA3-0385-48C3-BA48-56C81BD3DF57}.DebugGame|Win64.Build.0 = DebugGame|x64
		{AF747EA3-0385-48C3-BA48-56C81BD3DF57}.Development Editor|HTML5.ActiveCfg = Invalid|Win32
		{AF747EA3-0385-48C3-BA48-56C81BD3DF57}.Development Editor|Win32.ActiveCfg = Invalid|Win32
		{AF747EA3-0385-48C3-BA48-56C81BD3DF57}.Development Editor|Win64.ActiveCfg = Development_Editor|x64
		{AF747EA3-0385-48C3-BA48-56C81BD3DF57}.Development Editor|Win64.Build.0 = Development_Editor|x64
		{AF747EA3-0385-48C3-BA48-56C81BD3DF57}.Development|HTML5.ActiveCfg = HTML5_Development|Win32
		{AF747EA3-0385-48C3-BA48-56C81BD3DF57}.Development|HTML5.Build.0 = HTML5_Development|Win32
		{AF747EA3-0385-48C3-BA48-56C81BD3DF57}.Development|Win32.ActiveCfg = Development|Win32
		{AF747EA3-0385-48C3-BA48-56C81BD3DF57}.Development|Win32.Build.0 = Development|Win32
		{AF747EA3-0385-48C3-BA48-56C81BD3DF57}.Development|Win64.ActiveCfg = Development|x64
		{AF747EA3-0385-48C3-BA48-56C81BD3DF57}.Development|Win64.Build.0 = Development|x64
		{AF747EA3-0385-48C3-BA48-56C81BD3DF57}.Shipping|HTML5.ActiveCfg = HTML5_Shipping|Win32
		{AF747EA3-0385-48C3-BA48-56C81BD3DF57}.Shipping|HTML5.Build.0 = HTML5_Shipping|Win32
		{AF747EA3-0385-48C3-BA48-56C81BD3DF57}.Shipping|Win32.ActiveCfg = Shipping|Win32
		{AF747EA3-0385-48C3-BA48-56C81BD3DF57}.Shipping|Win32.Build.0 = Shipping|Win32
		{AF747EA3-0385-48C3-BA48-56C81BD3DF57}.Shipping|Win64.ActiveCfg = Shipping|x64
		{AF747EA3-0385-48C3-BA48-56C81BD3DF57}.Shipping|Win64.Build.0 = Shipping|x64
	EndGlobalSection
	GlobalSection(SolutionProperties) = preSolution
		HideSolutionNode = FALSE
	EndGlobalSection
	GlobalSection(NestedProjects) = preSolution
		{08ED724F-6505-4D21-B33C-096848B5DAEA} = {2E4E81F2-ECF9-46B9-A6F2-A06D47D2246C}
		{568011E9-C8AB-47B5-8BEA-F4613AABD305} = {89FB15D0-3D16-465B-AEEE-AF177C8214ED}
		{AF747EA3-0385-48C3-BA48-56C81BD3DF57} = {DB204593-0784-4E7A-A516-09D40F4DB134}
	EndGlobalSection
EndGlobal
