
Microsoft Visual Studio Solution File, Format Version 12.00
# Visual Studio 15
VisualStudioVersion = 15.0.25807.0
MinimumVisualStudioVersion = 10.0.40219.1
Project("{2150E333-8FDC-42A3-9474-1A3956D46DE8}") = "Engine", "Engine", "{87ECC86D-80AD-432F-A406-9E31885D25D4}"
EndProject
Project("{2150E333-8FDC-42A3-9474-1A3956D46DE8}") = "Enterprise", "Enterprise", "{0730917E-A6A7-4C96-9BE9-26F7E5AAC530}"
EndProject
Project("{2150E333-8FDC-42A3-9474-1A3956D46DE8}") = "Games", "Games", "{12A1F6BE-C767-4823-8886-C41558D49289}"
EndProject
Project("{8BC9CEB8-8B4A-11D0-8D11-00A0C91BC942}") = "UE4", "Intermediate\ProjectFiles\UE4.vcxproj", "{EF23166A-A839-4B8F-8894-473A062DB8A1}"
EndProject
Project("{8BC9CEB8-8B4A-11D0-8D11-00A0C91BC942}") = "Studio", "Intermediate\ProjectFiles\Studio.vcxproj", "{5173045F-E21C-4F7F-B75C-23CC885EBA66}"
EndProject
Project("{8BC9CEB8-8B4A-11D0-8D11-00A0C91BC942}") = "ViveTracking_V01", "Intermediate\ProjectFiles\ViveTracking_V01.vcxproj", "{FCF67AE1-45C4-4E57-A064-3949B0543EB1}"
EndProject
Project("{2150E333-8FDC-42A3-9474-1A3956D46DE8}") = "Visualizers", "Visualizers", "{0E9F6AF1-EC2E-4ECE-B489-A1C7174F47CF}"
	ProjectSection(SolutionItems) = preProject
		..\..\..\..\..\Program Files\Epic Games\UE_4.21\Engine\Extras\VisualStudioDebugging\UE4.natvis = ..\..\..\..\..\Program Files\Epic Games\UE_4.21\Engine\Extras\VisualStudioDebugging\UE4.natvis
	EndProjectSection
EndProject
Global
	GlobalSection(SolutionConfigurationPlatforms) = preSolution
		DebugGame Editor|HTML5 = DebugGame Editor|HTML5
		DebugGame Editor|Win32 = DebugGame Editor|Win32
		DebugGame Editor|Win64 = DebugGame Editor|Win64
		DebugGame|HTML5 = DebugGame|HTML5
		DebugGame|Win32 = DebugGame|Win32
		DebugGame|Win64 = DebugGame|Win64
		Development Editor|HTML5 = Development Editor|HTML5
		Development Editor|Win32 = Development Editor|Win32
		Development Editor|Win64 = Development Editor|Win64
		Development|HTML5 = Development|HTML5
		Development|Win32 = Development|Win32
		Development|Win64 = Development|Win64
		Shipping|HTML5 = Shipping|HTML5
		Shipping|Win32 = Shipping|Win32
		Shipping|Win64 = Shipping|Win64
	EndGlobalSection
	GlobalSection(ProjectConfigurationPlatforms) = postSolution
		{EF23166A-A839-4B8F-8894-473A062DB8A1}.DebugGame Editor|HTML5.ActiveCfg = BuiltWithUnrealBuildTool|Win32
		{EF23166A-A839-4B8F-8894-473A062DB8A1}.DebugGame Editor|Win32.ActiveCfg = BuiltWithUnrealBuildTool|Win32
		{EF23166A-A839-4B8F-8894-473A062DB8A1}.DebugGame Editor|Win64.ActiveCfg = BuiltWithUnrealBuildTool|Win32
		{EF23166A-A839-4B8F-8894-473A062DB8A1}.DebugGame|HTML5.ActiveCfg = BuiltWithUnrealBuildTool|Win32
		{EF23166A-A839-4B8F-8894-473A062DB8A1}.DebugGame|Win32.ActiveCfg = BuiltWithUnrealBuildTool|Win32
		{EF23166A-A839-4B8F-8894-473A062DB8A1}.DebugGame|Win64.ActiveCfg = BuiltWithUnrealBuildTool|Win32
		{EF23166A-A839-4B8F-8894-473A062DB8A1}.Development Editor|HTML5.ActiveCfg = BuiltWithUnrealBuildTool|Win32
		{EF23166A-A839-4B8F-8894-473A062DB8A1}.Development Editor|Win32.ActiveCfg = BuiltWithUnrealBuildTool|Win32
		{EF23166A-A839-4B8F-8894-473A062DB8A1}.Development Editor|Win64.ActiveCfg = BuiltWithUnrealBuildTool|Win32
		{EF23166A-A839-4B8F-8894-473A062DB8A1}.Development|HTML5.ActiveCfg = BuiltWithUnrealBuildTool|Win32
		{EF23166A-A839-4B8F-8894-473A062DB8A1}.Development|Win32.ActiveCfg = BuiltWithUnrealBuildTool|Win32
		{EF23166A-A839-4B8F-8894-473A062DB8A1}.Development|Win64.ActiveCfg = BuiltWithUnrealBuildTool|Win32
		{EF23166A-A839-4B8F-8894-473A062DB8A1}.Shipping|HTML5.ActiveCfg = BuiltWithUnrealBuildTool|Win32
		{EF23166A-A839-4B8F-8894-473A062DB8A1}.Shipping|Win32.ActiveCfg = BuiltWithUnrealBuildTool|Win32
		{EF23166A-A839-4B8F-8894-473A062DB8A1}.Shipping|Win64.ActiveCfg = BuiltWithUnrealBuildTool|Win32
		{5173045F-E21C-4F7F-B75C-23CC885EBA66}.DebugGame Editor|HTML5.ActiveCfg = BuiltWithUnrealBuildTool|Win32
		{5173045F-E21C-4F7F-B75C-23CC885EBA66}.DebugGame Editor|Win32.ActiveCfg = BuiltWithUnrealBuildTool|Win32
		{5173045F-E21C-4F7F-B75C-23CC885EBA66}.DebugGame Editor|Win64.ActiveCfg = BuiltWithUnrealBuildTool|Win32
		{5173045F-E21C-4F7F-B75C-23CC885EBA66}.DebugGame|HTML5.ActiveCfg = BuiltWithUnrealBuildTool|Win32
		{5173045F-E21C-4F7F-B75C-23CC885EBA66}.DebugGame|Win32.ActiveCfg = BuiltWithUnrealBuildTool|Win32
		{5173045F-E21C-4F7F-B75C-23CC885EBA66}.DebugGame|Win64.ActiveCfg = BuiltWithUnrealBuildTool|Win32
		{5173045F-E21C-4F7F-B75C-23CC885EBA66}.Development Editor|HTML5.ActiveCfg = BuiltWithUnrealBuildTool|Win32
		{5173045F-E21C-4F7F-B75C-23CC885EBA66}.Development Editor|Win32.ActiveCfg = BuiltWithUnrealBuildTool|Win32
		{5173045F-E21C-4F7F-B75C-23CC885EBA66}.Development Editor|Win64.ActiveCfg = BuiltWithUnrealBuildTool|Win32
		{5173045F-E21C-4F7F-B75C-23CC885EBA66}.Development|HTML5.ActiveCfg = BuiltWithUnrealBuildTool|Win32
		{5173045F-E21C-4F7F-B75C-23CC885EBA66}.Development|Win32.ActiveCfg = BuiltWithUnrealBuildTool|Win32
		{5173045F-E21C-4F7F-B75C-23CC885EBA66}.Development|Win64.ActiveCfg = BuiltWithUnrealBuildTool|Win32
		{5173045F-E21C-4F7F-B75C-23CC885EBA66}.Shipping|HTML5.ActiveCfg = BuiltWithUnrealBuildTool|Win32
		{5173045F-E21C-4F7F-B75C-23CC885EBA66}.Shipping|Win32.ActiveCfg = BuiltWithUnrealBuildTool|Win32
		{5173045F-E21C-4F7F-B75C-23CC885EBA66}.Shipping|Win64.ActiveCfg = BuiltWithUnrealBuildTool|Win32
		{FCF67AE1-45C4-4E57-A064-3949B0543EB1}.DebugGame Editor|HTML5.ActiveCfg = Invalid|Win32
		{FCF67AE1-45C4-4E57-A064-3949B0543EB1}.DebugGame Editor|Win32.ActiveCfg = Invalid|Win32
		{FCF67AE1-45C4-4E57-A064-3949B0543EB1}.DebugGame Editor|Win64.ActiveCfg = DebugGame_Editor|x64
		{FCF67AE1-45C4-4E57-A064-3949B0543EB1}.DebugGame Editor|Win64.Build.0 = DebugGame_Editor|x64
		{FCF67AE1-45C4-4E57-A064-3949B0543EB1}.DebugGame|HTML5.ActiveCfg = HTML5_DebugGame|Win32
		{FCF67AE1-45C4-4E57-A064-3949B0543EB1}.DebugGame|HTML5.Build.0 = HTML5_DebugGame|Win32
		{FCF67AE1-45C4-4E57-A064-3949B0543EB1}.DebugGame|Win32.ActiveCfg = DebugGame|Win32
		{FCF67AE1-45C4-4E57-A064-3949B0543EB1}.DebugGame|Win32.Build.0 = DebugGame|Win32
		{FCF67AE1-45C4-4E57-A064-3949B0543EB1}.DebugGame|Win64.ActiveCfg = DebugGame|x64
		{FCF67AE1-45C4-4E57-A064-3949B0543EB1}.DebugGame|Win64.Build.0 = DebugGame|x64
		{FCF67AE1-45C4-4E57-A064-3949B0543EB1}.Development Editor|HTML5.ActiveCfg = Invalid|Win32
		{FCF67AE1-45C4-4E57-A064-3949B0543EB1}.Development Editor|Win32.ActiveCfg = Invalid|Win32
		{FCF67AE1-45C4-4E57-A064-3949B0543EB1}.Development Editor|Win64.ActiveCfg = Development_Editor|x64
		{FCF67AE1-45C4-4E57-A064-3949B0543EB1}.Development Editor|Win64.Build.0 = Development_Editor|x64
		{FCF67AE1-45C4-4E57-A064-3949B0543EB1}.Development|HTML5.ActiveCfg = HTML5_Development|Win32
		{FCF67AE1-45C4-4E57-A064-3949B0543EB1}.Development|HTML5.Build.0 = HTML5_Development|Win32
		{FCF67AE1-45C4-4E57-A064-3949B0543EB1}.Development|Win32.ActiveCfg = Development|Win32
		{FCF67AE1-45C4-4E57-A064-3949B0543EB1}.Development|Win32.Build.0 = Development|Win32
		{FCF67AE1-45C4-4E57-A064-3949B0543EB1}.Development|Win64.ActiveCfg = Development|x64
		{FCF67AE1-45C4-4E57-A064-3949B0543EB1}.Development|Win64.Build.0 = Development|x64
		{FCF67AE1-45C4-4E57-A064-3949B0543EB1}.Shipping|HTML5.ActiveCfg = HTML5_Shipping|Win32
		{FCF67AE1-45C4-4E57-A064-3949B0543EB1}.Shipping|HTML5.Build.0 = HTML5_Shipping|Win32
		{FCF67AE1-45C4-4E57-A064-3949B0543EB1}.Shipping|Win32.ActiveCfg = Shipping|Win32
		{FCF67AE1-45C4-4E57-A064-3949B0543EB1}.Shipping|Win32.Build.0 = Shipping|Win32
		{FCF67AE1-45C4-4E57-A064-3949B0543EB1}.Shipping|Win64.ActiveCfg = Shipping|x64
		{FCF67AE1-45C4-4E57-A064-3949B0543EB1}.Shipping|Win64.Build.0 = Shipping|x64
	EndGlobalSection
	GlobalSection(SolutionProperties) = preSolution
		HideSolutionNode = FALSE
	EndGlobalSection
	GlobalSection(NestedProjects) = preSolution
		{EF23166A-A839-4B8F-8894-473A062DB8A1} = {87ECC86D-80AD-432F-A406-9E31885D25D4}
		{5173045F-E21C-4F7F-B75C-23CC885EBA66} = {0730917E-A6A7-4C96-9BE9-26F7E5AAC530}
		{FCF67AE1-45C4-4E57-A064-3949B0543EB1} = {12A1F6BE-C767-4823-8886-C41558D49289}
	EndGlobalSection
EndGlobal
